
Microsoft Visual Studio Solution File, Format Version 12.00
# Visual Studio Version 17
VisualStudioVersion = 17.9.34622.214
MinimumVisualStudioVersion = 10.0.40219.1
Project("{FAE04EC0-301F-11D3-BF4B-00C04F79EFBC}") = "algoritmos", "algoritmos\algoritmos.csproj", "{054D8672-956A-490F-9FE0-CB28F359F53A}"
EndProject
Global
	GlobalSection(SolutionConfigurationPlatforms) = preSolution
		Debug|Any CPU = Debug|Any CPU
		Release|Any CPU = Release|Any CPU
	EndGlobalSection
	GlobalSection(ProjectConfigurationPlatforms) = postSolution
		{054D8672-956A-490F-9FE0-CB28F359F53A}.Debug|Any CPU.ActiveCfg = Debug|Any CPU
		{054D8672-956A-490F-9FE0-CB28F359F53A}.Debug|Any CPU.Build.0 = Debug|Any CPU
		{054D8672-956A-490F-9FE0-CB28F359F53A}.Release|Any CPU.ActiveCfg = Release|Any CPU
		{054D8672-956A-490F-9FE0-CB28F359F53A}.Release|Any CPU.Build.0 = Release|Any CPU
	EndGlobalSection
	GlobalSection(SolutionProperties) = preSolution
		HideSolutionNode = FALSE
	EndGlobalSection
	GlobalSection(ExtensibilityGlobals) = postSolution
		SolutionGuid = {AFC1DE01-F726-4649-B7C5-335142C21DE3}
	EndGlobalSection
EndGlobal
